Microsoft Visual Studio Solution File, Format Version 12.00
# Visual Studio Version 17
VisualStudioVersion = 17.10.35013.160
MinimumVisualStudioVersion = 10.0.40219.1
Project("{FAE04EC0-301F-11D3-BF4B-00C04F79EFBC}") = "AspireApp4.AppHost", "AspireApp4.AppHost\AspireApp4.AppHost.csproj", "{820EA90F-8AFB-40BB-9885-81101B6364D9}"
EndProject
Project("{9A19103F-16F7-4668-BE54-9A1E7A4F7556}") = "AspireApp4.ServiceDefaults", "AspireApp4.ServiceDefaults\AspireApp4.ServiceDefaults.csproj", "{6C16E45A-F144-4EBA-8F29-B495E6BA505D}"
EndProject
Project("{9A19103F-16F7-4668-BE54-9A1E7A4F7556}") = "AspireApp4.ApiService", "AspireApp4.ApiService\AspireApp4.ApiService.csproj", "{B94AEAD9-4286-42EC-B2DB-743223DB7B21}"
EndProject
Project("{9A19103F-16F7-4668-BE54-9A1E7A4F7556}") = "AspireApp4.Web", "AspireApp4.Web\AspireApp4.Web.csproj", "{2EF9D12D-B7E0-42E7-A59C-CEB6AF7563B1}"
EndProject
Global
	GlobalSection(SolutionConfigurationPlatforms) = preSolution
		Debug|Any CPU = Debug|Any CPU
		Release|Any CPU = Release|Any CPU
	EndGlobalSection
	GlobalSection(ProjectConfigurationPlatforms) = postSolution
		{820EA90F-8AFB-40BB-9885-81101B6364D9}.Debug|Any CPU.ActiveCfg = Debug|Any CPU
		{820EA90F-8AFB-40BB-9885-81101B6364D9}.Debug|Any CPU.Build.0 = Debug|Any CPU
		{820EA90F-8AFB-40BB-9885-81101B6364D9}.Release|Any CPU.ActiveCfg = Release|Any CPU
		{820EA90F-8AFB-40BB-9885-81101B6364D9}.Release|Any CPU.Build.0 = Release|Any CPU
		{6C16E45A-F144-4EBA-8F29-B495E6BA505D}.Debug|Any CPU.ActiveCfg = Debug|Any CPU
		{6C16E45A-F144-4EBA-8F29-B495E6BA505D}.Debug|Any CPU.Build.0 = Debug|Any CPU
		{6C16E45A-F144-4EBA-8F29-B495E6BA505D}.Release|Any CPU.ActiveCfg = Release|Any CPU
		{6C16E45A-F144-4EBA-8F29-B495E6BA505D}.Release|Any CPU.Build.0 = Release|Any CPU
		{B94AEAD9-4286-42EC-B2DB-743223DB7B21}.Debug|Any CPU.ActiveCfg = Debug|Any CPU
		{B94AEAD9-4286-42EC-B2DB-743223DB7B21}.Debug|Any CPU.Build.0 = Debug|Any CPU
		{B94AEAD9-4286-42EC-B2DB-743223DB7B21}.Release|Any CPU.ActiveCfg = Release|Any CPU
		{B94AEAD9-4286-42EC-B2DB-743223DB7B21}.Release|Any CPU.Build.0 = Release|Any CPU
		{2EF9D12D-B7E0-42E7-A59C-CEB6AF7563B1}.Debug|Any CPU.ActiveCfg = Debug|Any CPU
		{2EF9D12D-B7E0-42E7-A59C-CEB6AF7563B1}.Debug|Any CPU.Build.0 = Debug|Any CPU
		{2EF9D12D-B7E0-42E7-A59C-CEB6AF7563B1}.Release|Any CPU.ActiveCfg = Release|Any CPU
		{2EF9D12D-B7E0-42E7-A59C-CEB6AF7563B1}.Release|Any CPU.Build.0 = Release|Any CPU
	EndGlobalSection
	GlobalSection(SolutionProperties) = preSolution
		HideSolutionNode = FALSE
	EndGlobalSection
	GlobalSection(ExtensibilityGlobals) = postSolution
		SolutionGuid = {7BAF5650-6DED-4A72-9E09-8907195BF67C}
	EndGlobalSection
EndGlobal
